
Microsoft Visual Studio Solution File, Format Version 12.00
# Visual Studio Version 17
VisualStudioVersion = 17.14.36203.30
MinimumVisualStudioVersion = 10.0.40219.1
Project("{2150E333-8FDC-42A3-9474-1A3956D46DE8}") = "Services", "Services", "{02EA681E-C7D8-13C7-8484-4AC65E1B71E8}"
EndProject
Project("{2150E333-8FDC-42A3-9474-1A3956D46DE8}") = "Catalog", "Catalog", "{4C69C235-7979-45AC-B453-67F5D4F692FC}"
EndProject
Project("{FAE04EC0-301F-11D3-BF4B-00C04F79EFBC}") = "CatalogAPI", "Services\Catalog\CatalogAPI\CatalogAPI.csproj", "{B180D83B-38F8-4A67-88D9-76EEB7084EC8}"
EndProject
Project("{2150E333-8FDC-42A3-9474-1A3956D46DE8}") = "BuildingBlocks", "BuildingBlocks", "{A371D608-17DC-4583-BDF0-30F4BCDDA820}"
EndProject
Project("{FAE04EC0-301F-11D3-BF4B-00C04F79EFBC}") = "BuildingBlocks", "BuildingBlocks\BuildingBlocks\BuildingBlocks.csproj", "{54BC61AA-B715-4A12-B256-86E3345AE451}"
EndProject
Project("{E53339B2-1760-4266-BCC7-CA923CBCF16C}") = "docker-compose", "docker-compose.dcproj", "{81DDED9D-158B-E303-5F62-77A2896D2A5A}"
EndProject
Global
	GlobalSection(SolutionConfigurationPlatforms) = preSolution
		Debug|Any CPU = Debug|Any CPU
		Release|Any CPU = Release|Any CPU
	EndGlobalSection
	GlobalSection(ProjectConfigurationPlatforms) = postSolution
		{B180D83B-38F8-4A67-88D9-76EEB7084EC8}.Debug|Any CPU.ActiveCfg = Debug|Any CPU
		{B180D83B-38F8-4A67-88D9-76EEB7084EC8}.Debug|Any CPU.Build.0 = Debug|Any CPU
		{B180D83B-38F8-4A67-88D9-76EEB7084EC8}.Release|Any CPU.ActiveCfg = Release|Any CPU
		{B180D83B-38F8-4A67-88D9-76EEB7084EC8}.Release|Any CPU.Build.0 = Release|Any CPU
		{54BC61AA-B715-4A12-B256-86E3345AE451}.Debug|Any CPU.ActiveCfg = Debug|Any CPU
		{54BC61AA-B715-4A12-B256-86E3345AE451}.Debug|Any CPU.Build.0 = Debug|Any CPU
		{54BC61AA-B715-4A12-B256-86E3345AE451}.Release|Any CPU.ActiveCfg = Release|Any CPU
		{54BC61AA-B715-4A12-B256-86E3345AE451}.Release|Any CPU.Build.0 = Release|Any CPU
		{81DDED9D-158B-E303-5F62-77A2896D2A5A}.Debug|Any CPU.ActiveCfg = Debug|Any CPU
		{81DDED9D-158B-E303-5F62-77A2896D2A5A}.Debug|Any CPU.Build.0 = Debug|Any CPU
		{81DDED9D-158B-E303-5F62-77A2896D2A5A}.Release|Any CPU.ActiveCfg = Release|Any CPU
		{81DDED9D-158B-E303-5F62-77A2896D2A5A}.Release|Any CPU.Build.0 = Release|Any CPU
	EndGlobalSection
	GlobalSection(SolutionProperties) = preSolution
		HideSolutionNode = FALSE
	EndGlobalSection
	GlobalSection(NestedProjects) = preSolution
		{4C69C235-7979-45AC-B453-67F5D4F692FC} = {02EA681E-C7D8-13C7-8484-4AC65E1B71E8}
		{B180D83B-38F8-4A67-88D9-76EEB7084EC8} = {4C69C235-7979-45AC-B453-67F5D4F692FC}
		{54BC61AA-B715-4A12-B256-86E3345AE451} = {A371D608-17DC-4583-BDF0-30F4BCDDA820}
	EndGlobalSection
	GlobalSection(ExtensibilityGlobals) = postSolution
		SolutionGuid = {6AE65FD7-345B-4A94-BF26-B806AB1AE7B8}
	EndGlobalSection
EndGlobal
